// !$*UTF8*$!
{
	archiveVersion = 1;
	classes = {
	};
	objectVersion = 50;
	objects = {

/* Begin PBXBuildFile section */
		491D7D2A2541FA0B0005F087 /* AppDelegate.swift in Sources */ = {isa = PBXBuildFile; fileRef = 491D7D292541FA0B0005F087 /* AppDelegate.swift */; };
		491D7D2C2541FA0B0005F087 /* SceneDelegate.swift in Sources */ = {isa = PBXBuildFile; fileRef = 491D7D2B2541FA0B0005F087 /* SceneDelegate.swift */; };
		491D7D2E2541FA0B0005F087 /* IntroductionViewController.swift in Sources */ = {isa = PBXBuildFile; fileRef = 491D7D2D2541FA0B0005F087 /* IntroductionViewController.swift */; };
		491D7D312541FA0B0005F087 /* Main.storyboard in Resources */ = {isa = PBXBuildFile; fileRef = 491D7D2F2541FA0B0005F087 /* Main.storyboard */; };
		491D7D332541FA0C0005F087 /* Assets.xcassets in Resources */ = {isa = PBXBuildFile; fileRef = 491D7D322541FA0C0005F087 /* Assets.xcassets */; };
		491D7D362541FA0C0005F087 /* LaunchScreen.storyboard in Resources */ = {isa = PBXBuildFile; fileRef = 491D7D342541FA0C0005F087 /* LaunchScreen.storyboard */; };
		491D7D4825420D030005F087 /* Question.swift in Sources */ = {isa = PBXBuildFile; fileRef = 491D7D4725420D030005F087 /* Question.swift */; };
		491D7D4B25420D0F0005F087 /* Answer.swift in Sources */ = {isa = PBXBuildFile; fileRef = 491D7D4A25420D0F0005F087 /* Answer.swift */; };
		49FB422825474A8B00232DF0 /* QuestionsViewController.swift in Sources */ = {isa = PBXBuildFile; fileRef = 49FB422725474A8B00232DF0 /* QuestionsViewController.swift */; };
		49FB422B25474AAC00232DF0 /* ResultsViewController.swift in Sources */ = {isa = PBXBuildFile; fileRef = 49FB422A25474AAC00232DF0 /* ResultsViewController.swift */; };
/* End PBXBuildFile section */

/* Begin PBXFileReference section */
		491D7D262541FA0B0005F087 /* PersonalQuiz.app */ = {isa = PBXFileReference; explicitFileType = wrapper.application; includeInIndex = 0; path = PersonalQuiz.app; sourceTree = BUILT_PRODUCTS_DIR; };
		491D7D292541FA0B0005F087 /* AppDelegate.swift */ = {isa = PBXFileReference; lastKnownFileType = sourcecode.swift; path = AppDelegate.swift; sourceTree = "<group>"; };
		491D7D2B2541FA0B0005F087 /* SceneDelegate.swift */ = {isa = PBXFileReference; lastKnownFileType = sourcecode.swift; path = SceneDelegate.swift; sourceTree = "<group>"; };
		491D7D2D2541FA0B0005F087 /* IntroductionViewController.swift */ = {isa = PBXFileReference; lastKnownFileType = sourcecode.swift; path = IntroductionViewController.swift; sourceTree = "<group>"; };
		491D7D302541FA0B0005F087 /* Base */ = {isa = PBXFileReference; lastKnownFileType = file.storyboard; name = Base; path = Base.lproj/Main.storyboard; sourceTree = "<group>"; };
		491D7D322541FA0C0005F087 /* Assets.xcassets */ = {isa = PBXFileReference; lastKnownFileType = folder.assetcatalog; path = Assets.xcassets; sourceTree = "<group>"; };
		491D7D352541FA0C0005F087 /* Base */ = {isa = PBXFileReference; lastKnownFileType = file.storyboard; name = Base; path = Base.lproj/LaunchScreen.storyboard; sourceTree = "<group>"; };
		491D7D372541FA0C0005F087 /* Info.plist */ = {isa = PBXFileReference; lastKnownFileType = text.plist.xml; path = Info.plist; sourceTree = "<group>"; };
		491D7D4725420D030005F087 /* Question.swift */ = {isa = PBXFileReference; lastKnownFileType = sourcecode.swift; path = Question.swift; sourceTree = "<group>"; };
		491D7D4A25420D0F0005F087 /* Answer.swift */ = {isa = PBXFileReference; lastKnownFileType = sourcecode.swift; path = Answer.swift; sourceTree = "<group>"; };
		49FB422725474A8B00232DF0 /* QuestionsViewController.swift */ = {isa = PBXFileReference; lastKnownFileType = sourcecode.swift; path = QuestionsViewController.swift; sourceTree = "<group>"; };
		49FB422A25474AAC00232DF0 /* ResultsViewController.swift */ = {isa = PBXFileReference; lastKnownFileType = sourcecode.swift; path = ResultsViewController.swift; sourceTree = "<group>"; };
/* End PBXFileReference section */

/* Begin PBXFrameworksBuildPhase section */
		491D7D232541FA0A0005F087 /* Frameworks */ = {
			isa = PBXFrameworksBuildPhase;
			buildActionMask = 2147483647;
			files = (
			);
			runOnlyForDeploymentPostprocessing = 0;
		};
/* End PBXFrameworksBuildPhase section */

/* Begin PBXGroup section */
		491D7D1D2541FA0A0005F087 = {
			isa = PBXGroup;
			children = (
				491D7D282541FA0B0005F087 /* PersonalQuiz */,
				491D7D272541FA0B0005F087 /* Products */,
			);
			sourceTree = "<group>";
		};
		491D7D272541FA0B0005F087 /* Products */ = {
			isa = PBXGroup;
			children = (
				491D7D262541FA0B0005F087 /* PersonalQuiz.app */,
			);
			name = Products;
			sourceTree = "<group>";
		};
		491D7D282541FA0B0005F087 /* PersonalQuiz */ = {
			isa = PBXGroup;
			children = (
				491D7D42254200C60005F087 /* View Controllers */,
				491D7D45254201180005F087 /* Models */,
				491D7D3E254200010005F087 /* Storyboards */,
				491D7D3F254200260005F087 /* Supporting Files */,
				491D7D44254200E10005F087 /* Resourses */,
			);
			path = PersonalQuiz;
			sourceTree = "<group>";
		};
		491D7D3E254200010005F087 /* Storyboards */ = {
			isa = PBXGroup;
			children = (
				491D7D2F2541FA0B0005F087 /* Main.storyboard */,
				491D7D342541FA0C0005F087 /* LaunchScreen.storyboard */,
			);
			path = Storyboards;
			sourceTree = "<group>";
		};
		491D7D3F254200260005F087 /* Supporting Files */ = {
			isa = PBXGroup;
			children = (
				491D7D292541FA0B0005F087 /* AppDelegate.swift */,
				491D7D2B2541FA0B0005F087 /* SceneDelegate.swift */,
				491D7D372541FA0C0005F087 /* Info.plist */,
			);
			path = "Supporting Files";
			sourceTree = "<group>";
		};
		491D7D42254200C60005F087 /* View Controllers */ = {
			isa = PBXGroup;
			children = (
				491D7D2D2541FA0B0005F087 /* IntroductionViewController.swift */,
				49FB422725474A8B00232DF0 /* QuestionsViewController.swift */,
				49FB422A25474AAC00232DF0 /* ResultsViewController.swift */,
			);
			path = "View Controllers";
			sourceTree = "<group>";
		};
		491D7D44254200E10005F087 /* Resourses */ = {
			isa = PBXGroup;
			children = (
				491D7D322541FA0C0005F087 /* Assets.xcassets */,
			);
			path = Resourses;
			sourceTree = "<group>";
		};
		491D7D45254201180005F087 /* Models */ = {
			isa = PBXGroup;
			children = (
				491D7D4725420D030005F087 /* Question.swift */,
				491D7D4A25420D0F0005F087 /* Answer.swift */,
			);
			path = Models;
			sourceTree = "<group>";
		};
/* End PBXGroup section */

/* Begin PBXNativeTarget section */
		491D7D252541FA0A0005F087 /* PersonalQuiz */ = {
			isa = PBXNativeTarget;
			buildConfigurationList = 491D7D3A2541FA0C0005F087 /* Build configuration list for PBXNativeTarget "PersonalQuiz" */;
			buildPhases = (
				491D7D222541FA0A0005F087 /* Sources */,
				491D7D232541FA0A0005F087 /* Frameworks */,
				491D7D242541FA0A0005F087 /* Resources */,
			);
			buildRules = (
			);
			dependencies = (
			);
			name = PersonalQuiz;
			productName = PersonalQuiz;
			productReference = 491D7D262541FA0B0005F087 /* PersonalQuiz.app */;
			productType = "com.apple.product-type.application";
		};
/* End PBXNativeTarget section */

/* Begin PBXProject section */
		491D7D1E2541FA0A0005F087 /* Project object */ = {
			isa = PBXProject;
			attributes = {
				LastSwiftUpdateCheck = 1210;
				LastUpgradeCheck = 1210;
				TargetAttributes = {
					491D7D252541FA0A0005F087 = {
						CreatedOnToolsVersion = 12.1;
					};
				};
			};
			buildConfigurationList = 491D7D212541FA0A0005F087 /* Build configuration list for PBXProject "PersonalQuiz" */;
			compatibilityVersion = "Xcode 9.3";
			developmentRegion = en;
			hasScannedForEncodings = 0;
			knownRegions = (
				en,
				Base,
			);
			mainGroup = 491D7D1D2541FA0A0005F087;
			productRefGroup = 491D7D272541FA0B0005F087 /* Products */;
			projectDirPath = "";
			projectRoot = "";
			targets = (
				491D7D252541FA0A0005F087 /* PersonalQuiz */,
			);
		};
/* End PBXProject section */

/* Begin PBXResourcesBuildPhase section */
		491D7D242541FA0A0005F087 /* Resources */ = {
			isa = PBXResourcesBuildPhase;
			buildActionMask = 2147483647;
			files = (
				491D7D362541FA0C0005F087 /* LaunchScreen.storyboard in Resources */,
				491D7D332541FA0C0005F087 /* Assets.xcassets in Resources */,
				491D7D312541FA0B0005F087 /* Main.storyboard in Resources */,
			);
			runOnlyForDeploymentPostprocessing = 0;
		};
/* End PBXResourcesBuildPhase section */

/* Begin PBXSourcesBuildPhase section */
		491D7D222541FA0A0005F087 /* Sources */ = {
			isa = PBXSourcesBuildPhase;
			buildActionMask = 2147483647;
			files = (
				491D7D2E2541FA0B0005F087 /* IntroductionViewController.swift in Sources */,
				491D7D4825420D030005F087 /* Question.swift in Sources */,
				49FB422825474A8B00232DF0 /* QuestionsViewController.swift in Sources */,
				49FB422B25474AAC00232DF0 /* ResultsViewController.swift in Sources */,
				491D7D4B25420D0F0005F087 /* Answer.swift in Sources */,
				491D7D2A2541FA0B0005F087 /* AppDelegate.swift in Sources */,
				491D7D2C2541FA0B0005F087 /* SceneDelegate.swift in Sources */,
			);
			runOnlyForDeploymentPostprocessing = 0;
		};
/* End PBXSourcesBuildPhase section */

/* Begin PBXVariantGroup section */
		491D7D2F2541FA0B0005F087 /* Main.storyboard */ = {
			isa = PBXVariantGroup;
			children = (
				491D7D302541FA0B0005F087 /* Base */,
			);
			name = Main.storyboard;
			sourceTree = "<group>";
		};
		491D7D342541FA0C0005F087 /* LaunchScreen.storyboard */ = {
			isa = PBXVariantGroup;
			children = (
				491D7D352541FA0C0005F087 /* Base */,
			);
			name = LaunchScreen.storyboard;
			sourceTree = "<group>";
		};
/* End PBXVariantGroup section */

/* Begin XCBuildConfiguration section */
		491D7D382541FA0C0005F087 /* Debug */ = {
			isa = XCBuildConfiguration;
			buildSettings = {
				ALWAYS_SEARCH_USER_PATHS = NO;
				CLANG_ANALYZER_NONNULL = YES;
				CLANG_ANALYZER_NUMBER_OBJECT_CONVERSION = YES_AGGRESSIVE;
				CLANG_CXX_LANGUAGE_STANDARD = "gnu++14";
				CLANG_CXX_LIBRARY = "libc++";
				CLANG_ENABLE_MODULES = YES;
				CLANG_ENABLE_OBJC_ARC = YES;
				CLANG_ENABLE_OBJC_WEAK = YES;
				CLANG_WARN_BLOCK_CAPTURE_AUTORELEASING = YES;
				CLANG_WARN_BOOL_CONVERSION = YES;
				CLANG_WARN_COMMA = YES;
				CLANG_WARN_CONSTANT_CONVERSION = YES;
				CLANG_WARN_DEPRECATED_OBJC_IMPLEMENTATIONS = YES;
				CLANG_WARN_DIRECT_OBJC_ISA_USAGE = YES_ERROR;
				CLANG_WARN_DOCUMENTATION_COMMENTS = YES;
				CLANG_WARN_EMPTY_BODY = YES;
				CLANG_WARN_ENUM_CONVERSION = YES;
				CLANG_WARN_INFINITE_RECURSION = YES;
				CLANG_WARN_INT_CONVERSION = YES;
				CLANG_WARN_NON_LITERAL_NULL_CONVERSION = YES;
				CLANG_WARN_OBJC_IMPLICIT_RETAIN_SELF = YES;
				CLANG_WARN_OBJC_LITERAL_CONVERSION = YES;
				CLANG_WARN_OBJC_ROOT_CLASS = YES_ERROR;
				CLANG_WARN_QUOTED_INCLUDE_IN_FRAMEWORK_HEADER = YES;
				CLANG_WARN_RANGE_LOOP_ANALYSIS = YES;
				CLANG_WARN_STRICT_PROTOTYPES = YES;
				CLANG_WARN_SUSPICIOUS_MOVE = YES;
				CLANG_WARN_UNGUARDED_AVAILABILITY = YES_AGGRESSIVE;
				CLANG_WARN_UNREACHABLE_CODE = YES;
				CLANG_WARN__DUPLICATE_METHOD_MATCH = YES;
				COPY_PHASE_STRIP = NO;
				DEBUG_INFORMATION_FORMAT = dwarf;
				ENABLE_STRICT_OBJC_MSGSEND = YES;
				ENABLE_TESTABILITY = YES;
				GCC_C_LANGUAGE_STANDARD = gnu11;
				GCC_DYNAMIC_NO_PIC = NO;
				GCC_NO_COMMON_BLOCKS = YES;
				GCC_OPTIMIZATION_LEVEL = 0;
				GCC_PREPROCESSOR_DEFINITIONS = (
					"DEBUG=1",
					"$(inherited)",
				);
				GCC_WARN_64_TO_32_BIT_CONVERSION = YES;
				GCC_WARN_ABOUT_RETURN_TYPE = YES_ERROR;
				GCC_WARN_UNDECLARED_SELECTOR = YES;
				GCC_WARN_UNINITIALIZED_AUTOS = YES_AGGRESSIVE;
				GCC_WARN_UNUSED_FUNCTION = YES;
				GCC_WARN_UNUSED_VARIABLE = YES;
				IPHONEOS_DEPLOYMENT_TARGET = 14.1;
				MTL_ENABLE_DEBUG_INFO = INCLUDE_SOURCE;
				MTL_FAST_MATH = YES;
				ONLY_ACTIVE_ARCH = YES;
				SDKROOT = iphoneos;
				SWIFT_ACTIVE_COMPILATION_CONDITIONS = DEBUG;
				SWIFT_OPTIMIZATION_LEVEL = "-Onone";
			};
			name = Debug;
		};
		491D7D392541FA0C0005F087 /* Release */ = {
			isa = XCBuildConfiguration;
			buildSettings = {
				ALWAYS_SEARCH_USER_PATHS = NO;
				CLANG_ANALYZER_NONNULL = YES;
				CLANG_ANALYZER_NUMBER_OBJECT_CONVERSION = YES_AGGRESSIVE;
				CLANG_CXX_LANGUAGE_STANDARD = "gnu++14";
				CLANG_CXX_LIBRARY = "libc++";
				CLANG_ENABLE_MODULES = YES;
				CLANG_ENABLE_OBJC_ARC = YES;
				CLANG_ENABLE_OBJC_WEAK = YES;
				CLANG_WARN_BLOCK_CAPTURE_AUTORELEASING = YES;
				CLANG_WARN_BOOL_CONVERSION = YES;
				CLANG_WARN_COMMA = YES;
				CLANG_WARN_CONSTANT_CONVERSION = YES;
				CLANG_WARN_DEPRECATED_OBJC_IMPLEMENTATIONS = YES;
				CLANG_WARN_DIRECT_OBJC_ISA_USAGE = YES_ERROR;
				CLANG_WARN_DOCUMENTATION_COMMENTS = YES;
				CLANG_WARN_EMPTY_BODY = YES;
				CLANG_WARN_ENUM_CONVERSION = YES;
				CLANG_WARN_INFINITE_RECURSION = YES;
				CLANG_WARN_INT_CONVERSION = YES;
				CLANG_WARN_NON_LITERAL_NULL_CONVERSION = YES;
				CLANG_WARN_OBJC_IMPLICIT_RETAIN_SELF = YES;
				CLANG_WARN_OBJC_LITERAL_CONVERSION = YES;
				CLANG_WARN_OBJC_ROOT_CLASS = YES_ERROR;
				CLANG_WARN_QUOTED_INCLUDE_IN_FRAMEWORK_HEADER = YES;
				CLANG_WARN_RANGE_LOOP_ANALYSIS = YES;
				CLANG_WARN_STRICT_PROTOTYPES = YES;
				CLANG_WARN_SUSPICIOUS_MOVE = YES;
				CLANG_WARN_UNGUARDED_AVAILABILITY = YES_AGGRESSIVE;
				CLANG_WARN_UNREACHABLE_CODE = YES;
				CLANG_WARN__DUPLICATE_METHOD_MATCH = YES;
				COPY_PHASE_STRIP = NO;
				DEBUG_INFORMATION_FORMAT = "dwarf-with-dsym";
				ENABLE_NS_ASSERTIONS = NO;
				ENABLE_STRICT_OBJC_MSGSEND = YES;
				GCC_C_LANGUAGE_STANDARD = gnu11;
				GCC_NO_COMMON_BLOCKS = YES;
				GCC_WARN_64_TO_32_BIT_CONVERSION = YES;
				GCC_WARN_ABOUT_RETURN_TYPE = YES_ERROR;
				GCC_WARN_UNDECLARED_SELECTOR = YES;
				GCC_WARN_UNINITIALIZED_AUTOS = YES_AGGRESSIVE;
				GCC_WARN_UNUSED_FUNCTION = YES;
				GCC_WARN_UNUSED_VARIABLE = YES;
				IPHONEOS_DEPLOYMENT_TARGET = 14.1;
				MTL_ENABLE_DEBUG_INFO = NO;
				MTL_FAST_MATH = YES;
				SDKROOT = iphoneos;
				SWIFT_COMPILATION_MODE = wholemodule;
				SWIFT_OPTIMIZATION_LEVEL = "-O";
				VALIDATE_PRODUCT = YES;
			};
			name = Release;
		};
		491D7D3B2541FA0C0005F087 /* Debug */ = {
			isa = XCBuildConfiguration;
			buildSettings = {
				ASSETCATALOG_COMPILER_APPICON_NAME = AppIcon;
				ASSETCATALOG_COMPILER_GLOBAL_ACCENT_COLOR_NAME = AccentColor;
				CODE_SIGN_STYLE = Automatic;
				DEVELOPMENT_TEAM = NA6C9Y7864;
				INFOPLIST_FILE = "PersonalQuiz/Supporting Files/Info.plist";
				LD_RUNPATH_SEARCH_PATHS = (
					"$(inherited)",
					"@executable_path/Frameworks",
				);
				PRODUCT_BUNDLE_IDENTIFIER = ru.egor.skrutelev.PersonalQuiz;
				PRODUCT_NAME = "$(TARGET_NAME)";
				SWIFT_VERSION = 5.0;
				TARGETED_DEVICE_FAMILY = "1,2";
			};
			name = Debug;
		};
		491D7D3C2541FA0C0005F087 /* Release */ = {
			isa = XCBuildConfiguration;
			buildSettings = {
				ASSETCATALOG_COMPILER_APPICON_NAME = AppIcon;
				ASSETCATALOG_COMPILER_GLOBAL_ACCENT_COLOR_NAME = AccentColor;
				CODE_SIGN_STYLE = Automatic;
				DEVELOPMENT_TEAM = NA6C9Y7864;
				INFOPLIST_FILE = "PersonalQuiz/Supporting Files/Info.plist";
				LD_RUNPATH_SEARCH_PATHS = (
					"$(inherited)",
					"@executable_path/Frameworks",
				);
				PRODUCT_BUNDLE_IDENTIFIER = ru.egor.skrutelev.PersonalQuiz;
				PRODUCT_NAME = "$(TARGET_NAME)";
				SWIFT_VERSION = 5.0;
				TARGETED_DEVICE_FAMILY = "1,2";
			};
			name = Release;
		};
/* End XCBuildConfiguration section */

/* Begin XCConfigurationList section */
		491D7D212541FA0A0005F087 /* Build configuration list for PBXProject "PersonalQuiz" */ = {
			isa = XCConfigurationList;
			buildConfigurations = (
				491D7D382541FA0C0005F087 /* Debug */,
				491D7D392541FA0C0005F087 /* Release */,
			);
			defaultConfigurationIsVisible = 0;
			defaultConfigurationName = Release;
		};
		491D7D3A2541FA0C0005F087 /* Build configuration list for PBXNativeTarget "PersonalQuiz" */ = {
			isa = XCConfigurationList;
			buildConfigurations = (
				491D7D3B2541FA0C0005F087 /* Debug */,
				491D7D3C2541FA0C0005F087 /* Release */,
			);
			defaultConfigurationIsVisible = 0;
			defaultConfigurationName = Release;
		};
/* End XCConfigurationList section */
	};
	rootObject = 491D7D1E2541FA0A0005F087 /* Project object */;
}
